// !$*UTF8*$!
{
	archiveVersion = 1;
	classes = {
	};
	objectVersion = 50;
	objects = {

/* Begin PBXBuildFile section */
		91417DD12080F9D2002E7F97 /* AppDelegate.swift in Sources */ = {isa = PBXBuildFile; fileRef = 91417DD02080F9D2002E7F97 /* AppDelegate.swift */; };
		91417DD32080F9D2002E7F97 /* ViewController.swift in Sources */ = {isa = PBXBuildFile; fileRef = 91417DD22080F9D2002E7F97 /* ViewController.swift */; };
		91417DD62080F9D2002E7F97 /* Main.storyboard in Resources */ = {isa = PBXBuildFile; fileRef = 91417DD42080F9D2002E7F97 /* Main.storyboard */; };
		91417DD92080F9D2002E7F97 /* CoreDataDemo.xcdatamodeld in Sources */ = {isa = PBXBuildFile; fileRef = 91417DD72080F9D2002E7F97 /* CoreDataDemo.xcdatamodeld */; };
		91417DDB2080F9D4002E7F97 /* Assets.xcassets in Resources */ = {isa = PBXBuildFile; fileRef = 91417DDA2080F9D4002E7F97 /* Assets.xcassets */; };
		91417DDE2080F9D4002E7F97 /* LaunchScreen.storyboard in Resources */ = {isa = PBXBuildFile; fileRef = 91417DDC2080F9D4002E7F97 /* LaunchScreen.storyboard */; };
		91417DE62080FDFD002E7F97 /* PersistenceController.swift in Sources */ = {isa = PBXBuildFile; fileRef = 91417DE52080FDFD002E7F97 /* PersistenceController.swift */; };
		91417DE920810B25002E7F97 /* Employee+CoreDataClass.swift in Sources */ = {isa = PBXBuildFile; fileRef = 91417DE720810B25002E7F97 /* Employee+CoreDataClass.swift */; };
		91417DEA20810B25002E7F97 /* Employee+CoreDataProperties.swift in Sources */ = {isa = PBXBuildFile; fileRef = 91417DE820810B25002E7F97 /* Employee+CoreDataProperties.swift */; };
		91417DED20810B5E002E7F97 /* Department+CoreDataClass.swift in Sources */ = {isa = PBXBuildFile; fileRef = 91417DEB20810B5E002E7F97 /* Department+CoreDataClass.swift */; };
		91417DEE20810B5E002E7F97 /* Department+CoreDataProperties.swift in Sources */ = {isa = PBXBuildFile; fileRef = 91417DEC20810B5E002E7F97 /* Department+CoreDataProperties.swift */; };
		91417DF520819ABD002E7F97 /* CoreDataModelable.swift in Sources */ = {isa = PBXBuildFile; fileRef = 91417DF420819ABD002E7F97 /* CoreDataModelable.swift */; };
/* End PBXBuildFile section */

/* Begin PBXFileReference section */
		91417DCD2080F9D2002E7F97 /* CoreDataDemo.app */ = {isa = PBXFileReference; explicitFileType = wrapper.application; includeInIndex = 0; path = CoreDataDemo.app; sourceTree = BUILT_PRODUCTS_DIR; };
		91417DD02080F9D2002E7F97 /* AppDelegate.swift */ = {isa = PBXFileReference; lastKnownFileType = sourcecode.swift; path = AppDelegate.swift; sourceTree = "<group>"; };
		91417DD22080F9D2002E7F97 /* ViewController.swift */ = {isa = PBXFileReference; lastKnownFileType = sourcecode.swift; path = ViewController.swift; sourceTree = "<group>"; };
		91417DD52080F9D2002E7F97 /* Base */ = {isa = PBXFileReference; lastKnownFileType = file.storyboard; name = Base; path = Base.lproj/Main.storyboard; sourceTree = "<group>"; };
		91417DD82080F9D2002E7F97 /* CoreDataDemo.xcdatamodel */ = {isa = PBXFileReference; lastKnownFileType = wrapper.xcdatamodel; path = CoreDataDemo.xcdatamodel; sourceTree = "<group>"; };
		91417DDA2080F9D4002E7F97 /* Assets.xcassets */ = {isa = PBXFileReference; lastKnownFileType = folder.assetcatalog; path = Assets.xcassets; sourceTree = "<group>"; };
		91417DDD2080F9D4002E7F97 /* Base */ = {isa = PBXFileReference; lastKnownFileType = file.storyboard; name = Base; path = Base.lproj/LaunchScreen.storyboard; sourceTree = "<group>"; };
		91417DDF2080F9D4002E7F97 /* Info.plist */ = {isa = PBXFileReference; lastKnownFileType = text.plist.xml; path = Info.plist; sourceTree = "<group>"; };
		91417DE52080FDFD002E7F97 /* PersistenceController.swift */ = {isa = PBXFileReference; lastKnownFileType = sourcecode.swift; path = PersistenceController.swift; sourceTree = "<group>"; };
		91417DE720810B25002E7F97 /* Employee+CoreDataClass.swift */ = {isa = PBXFileReference; lastKnownFileType = sourcecode.swift; path = "Employee+CoreDataClass.swift"; sourceTree = "<group>"; };
		91417DE820810B25002E7F97 /* Employee+CoreDataProperties.swift */ = {isa = PBXFileReference; lastKnownFileType = sourcecode.swift; path = "Employee+CoreDataProperties.swift"; sourceTree = "<group>"; };
		91417DEB20810B5E002E7F97 /* Department+CoreDataClass.swift */ = {isa = PBXFileReference; lastKnownFileType = sourcecode.swift; path = "Department+CoreDataClass.swift"; sourceTree = "<group>"; };
		91417DEC20810B5E002E7F97 /* Department+CoreDataProperties.swift */ = {isa = PBXFileReference; lastKnownFileType = sourcecode.swift; path = "Department+CoreDataProperties.swift"; sourceTree = "<group>"; };
		91417DF420819ABD002E7F97 /* CoreDataModelable.swift */ = {isa = PBXFileReference; lastKnownFileType = sourcecode.swift; path = CoreDataModelable.swift; sourceTree = "<group>"; };
/* End PBXFileReference section */

/* Begin PBXFrameworksBuildPhase section */
		91417DCA2080F9D2002E7F97 /* Frameworks */ = {
			isa = PBXFrameworksBuildPhase;
			buildActionMask = 2147483647;
			files = (
			);
			runOnlyForDeploymentPostprocessing = 0;
		};
/* End PBXFrameworksBuildPhase section */

/* Begin PBXGroup section */
		91417DC42080F9D2002E7F97 = {
			isa = PBXGroup;
			children = (
				91417DCF2080F9D2002E7F97 /* CoreDataDemo */,
				91417DCE2080F9D2002E7F97 /* Products */,
			);
			sourceTree = "<group>";
		};
		91417DCE2080F9D2002E7F97 /* Products */ = {
			isa = PBXGroup;
			children = (
				91417DCD2080F9D2002E7F97 /* CoreDataDemo.app */,
			);
			name = Products;
			sourceTree = "<group>";
		};
		91417DCF2080F9D2002E7F97 /* CoreDataDemo */ = {
			isa = PBXGroup;
			children = (
				91417DEF20810B69002E7F97 /* Models */,
				91417DD02080F9D2002E7F97 /* AppDelegate.swift */,
				91417DD22080F9D2002E7F97 /* ViewController.swift */,
				91417DD42080F9D2002E7F97 /* Main.storyboard */,
				91417DDA2080F9D4002E7F97 /* Assets.xcassets */,
				91417DDC2080F9D4002E7F97 /* LaunchScreen.storyboard */,
				91417DDF2080F9D4002E7F97 /* Info.plist */,
				91417DD72080F9D2002E7F97 /* CoreDataDemo.xcdatamodeld */,
				91417DE52080FDFD002E7F97 /* PersistenceController.swift */,
				91417DF420819ABD002E7F97 /* CoreDataModelable.swift */,
			);
			path = CoreDataDemo;
			sourceTree = "<group>";
		};
		91417DEF20810B69002E7F97 /* Models */ = {
			isa = PBXGroup;
			children = (
				91417DEB20810B5E002E7F97 /* Department+CoreDataClass.swift */,
				91417DEC20810B5E002E7F97 /* Department+CoreDataProperties.swift */,
				91417DE720810B25002E7F97 /* Employee+CoreDataClass.swift */,
				91417DE820810B25002E7F97 /* Employee+CoreDataProperties.swift */,
			);
			path = Models;
			sourceTree = "<group>";
		};
/* End PBXGroup section */

/* Begin PBXNativeTarget section */
		91417DCC2080F9D2002E7F97 /* CoreDataDemo */ = {
			isa = PBXNativeTarget;
			buildConfigurationList = 91417DE22080F9D4002E7F97 /* Build configuration list for PBXNativeTarget "CoreDataDemo" */;
			buildPhases = (
				91417DC92080F9D2002E7F97 /* Sources */,
				91417DCA2080F9D2002E7F97 /* Frameworks */,
				91417DCB2080F9D2002E7F97 /* Resources */,
			);
			buildRules = (
			);
			dependencies = (
			);
			name = CoreDataDemo;
			productName = CoreDataDemo;
			productReference = 91417DCD2080F9D2002E7F97 /* CoreDataDemo.app */;
			productType = "com.apple.product-type.application";
		};
/* End PBXNativeTarget section */

/* Begin PBXProject section */
		91417DC52080F9D2002E7F97 /* Project object */ = {
			isa = PBXProject;
			attributes = {
				LastSwiftUpdateCheck = 0930;
				LastUpgradeCheck = 0930;
				ORGANIZATIONNAME = Jatin;
				TargetAttributes = {
					91417DCC2080F9D2002E7F97 = {
						CreatedOnToolsVersion = 9.3;
					};
				};
			};
			buildConfigurationList = 91417DC82080F9D2002E7F97 /* Build configuration list for PBXProject "CoreDataDemo" */;
			compatibilityVersion = "Xcode 9.3";
			developmentRegion = en;
			hasScannedForEncodings = 0;
			knownRegions = (
				en,
				Base,
			);
			mainGroup = 91417DC42080F9D2002E7F97;
			productRefGroup = 91417DCE2080F9D2002E7F97 /* Products */;
			projectDirPath = "";
			projectRoot = "";
			targets = (
				91417DCC2080F9D2002E7F97 /* CoreDataDemo */,
			);
		};
/* End PBXProject section */

/* Begin PBXResourcesBuildPhase section */
		91417DCB2080F9D2002E7F97 /* Resources */ = {
			isa = PBXResourcesBuildPhase;
			buildActionMask = 2147483647;
			files = (
				91417DDE2080F9D4002E7F97 /* LaunchScreen.storyboard in Resources */,
				91417DDB2080F9D4002E7F97 /* Assets.xcassets in Resources */,
				91417DD62080F9D2002E7F97 /* Main.storyboard in Resources */,
			);
			runOnlyForDeploymentPostprocessing = 0;
		};
/* End PBXResourcesBuildPhase section */

/* Begin PBXSourcesBuildPhase section */
		91417DC92080F9D2002E7F97 /* Sources */ = {
			isa = PBXSourcesBuildPhase;
			buildActionMask = 2147483647;
			files = (
				91417DD32080F9D2002E7F97 /* ViewController.swift in Sources */,
				91417DEA20810B25002E7F97 /* Employee+CoreDataProperties.swift in Sources */,
				91417DD92080F9D2002E7F97 /* CoreDataDemo.xcdatamodeld in Sources */,
				91417DD12080F9D2002E7F97 /* AppDelegate.swift in Sources */,
				91417DE920810B25002E7F97 /* Employee+CoreDataClass.swift in Sources */,
				91417DF520819ABD002E7F97 /* CoreDataModelable.swift in Sources */,
				91417DEE20810B5E002E7F97 /* Department+CoreDataProperties.swift in Sources */,
				91417DE62080FDFD002E7F97 /* PersistenceController.swift in Sources */,
				91417DED20810B5E002E7F97 /* Department+CoreDataClass.swift in Sources */,
			);
			runOnlyForDeploymentPostprocessing = 0;
		};
/* End PBXSourcesBuildPhase section */

/* Begin PBXVariantGroup section */
		91417DD42080F9D2002E7F97 /* Main.storyboard */ = {
			isa = PBXVariantGroup;
			children = (
				91417DD52080F9D2002E7F97 /* Base */,
			);
			name = Main.storyboard;
			sourceTree = "<group>";
		};
		91417DDC2080F9D4002E7F97 /* LaunchScreen.storyboard */ = {
			isa = PBXVariantGroup;
			children = (
				91417DDD2080F9D4002E7F97 /* Base */,
			);
			name = LaunchScreen.storyboard;
			sourceTree = "<group>";
		};
/* End PBXVariantGroup section */

/* Begin XCBuildConfiguration section */
		91417DE02080F9D4002E7F97 /* Debug */ = {
			isa = XCBuildConfiguration;
			buildSettings = {
				ALWAYS_SEARCH_USER_PATHS = NO;
				CLANG_ANALYZER_NONNULL = YES;
				CLANG_ANALYZER_NUMBER_OBJECT_CONVERSION = YES_AGGRESSIVE;
				CLANG_CXX_LANGUAGE_STANDARD = "gnu++14";
				CLANG_CXX_LIBRARY = "libc++";
				CLANG_ENABLE_MODULES = YES;
				CLANG_ENABLE_OBJC_ARC = YES;
				CLANG_ENABLE_OBJC_WEAK = YES;
				CLANG_WARN_BLOCK_CAPTURE_AUTORELEASING = YES;
				CLANG_WARN_BOOL_CONVERSION = YES;
				CLANG_WARN_COMMA = YES;
				CLANG_WARN_CONSTANT_CONVERSION = YES;
				CLANG_WARN_DEPRECATED_OBJC_IMPLEMENTATIONS = YES;
				CLANG_WARN_DIRECT_OBJC_ISA_USAGE = YES_ERROR;
				CLANG_WARN_DOCUMENTATION_COMMENTS = YES;
				CLANG_WARN_EMPTY_BODY = YES;
				CLANG_WARN_ENUM_CONVERSION = YES;
				CLANG_WARN_INFINITE_RECURSION = YES;
				CLANG_WARN_INT_CONVERSION = YES;
				CLANG_WARN_NON_LITERAL_NULL_CONVERSION = YES;
				CLANG_WARN_OBJC_IMPLICIT_RETAIN_SELF = YES;
				CLANG_WARN_OBJC_LITERAL_CONVERSION = YES;
				CLANG_WARN_OBJC_ROOT_CLASS = YES_ERROR;
				CLANG_WARN_RANGE_LOOP_ANALYSIS = YES;
				CLANG_WARN_STRICT_PROTOTYPES = YES;
				CLANG_WARN_SUSPICIOUS_MOVE = YES;
				CLANG_WARN_UNGUARDED_AVAILABILITY = YES_AGGRESSIVE;
				CLANG_WARN_UNREACHABLE_CODE = YES;
				CLANG_WARN__DUPLICATE_METHOD_MATCH = YES;
				CODE_SIGN_IDENTITY = "iPhone Developer";
				COPY_PHASE_STRIP = NO;
				DEBUG_INFORMATION_FORMAT = dwarf;
				ENABLE_STRICT_OBJC_MSGSEND = YES;
				ENABLE_TESTABILITY = YES;
				GCC_C_LANGUAGE_STANDARD = gnu11;
				GCC_DYNAMIC_NO_PIC = NO;
				GCC_NO_COMMON_BLOCKS = YES;
				GCC_OPTIMIZATION_LEVEL = 0;
				GCC_PREPROCESSOR_DEFINITIONS = (
					"DEBUG=1",
					"$(inherited)",
				);
				GCC_WARN_64_TO_32_BIT_CONVERSION = YES;
				GCC_WARN_ABOUT_RETURN_TYPE = YES_ERROR;
				GCC_WARN_UNDECLARED_SELECTOR = YES;
				GCC_WARN_UNINITIALIZED_AUTOS = YES_AGGRESSIVE;
				GCC_WARN_UNUSED_FUNCTION = YES;
				GCC_WARN_UNUSED_VARIABLE = YES;
				IPHONEOS_DEPLOYMENT_TARGET = 11.3;
				MTL_ENABLE_DEBUG_INFO = YES;
				ONLY_ACTIVE_ARCH = YES;
				SDKROOT = iphoneos;
				SWIFT_ACTIVE_COMPILATION_CONDITIONS = DEBUG;
				SWIFT_OPTIMIZATION_LEVEL = "-Onone";
			};
			name = Debug;
		};
		91417DE12080F9D4002E7F97 /* Release */ = {
			isa = XCBuildConfiguration;
			buildSettings = {
				ALWAYS_SEARCH_USER_PATHS = NO;
				CLANG_ANALYZER_NONNULL = YES;
				CLANG_ANALYZER_NUMBER_OBJECT_CONVERSION = YES_AGGRESSIVE;
				CLANG_CXX_LANGUAGE_STANDARD = "gnu++14";
				CLANG_CXX_LIBRARY = "libc++";
				CLANG_ENABLE_MODULES = YES;
				CLANG_ENABLE_OBJC_ARC = YES;
				CLANG_ENABLE_OBJC_WEAK = YES;
				CLANG_WARN_BLOCK_CAPTURE_AUTORELEASING = YES;
				CLANG_WARN_BOOL_CONVERSION = YES;
				CLANG_WARN_COMMA = YES;
				CLANG_WARN_CONSTANT_CONVERSION = YES;
				CLANG_WARN_DEPRECATED_OBJC_IMPLEMENTATIONS = YES;
				CLANG_WARN_DIRECT_OBJC_ISA_USAGE = YES_ERROR;
				CLANG_WARN_DOCUMENTATION_COMMENTS = YES;
				CLANG_WARN_EMPTY_BODY = YES;
				CLANG_WARN_ENUM_CONVERSION = YES;
				CLANG_WARN_INFINITE_RECURSION = YES;
				CLANG_WARN_INT_CONVERSION = YES;
				CLANG_WARN_NON_LITERAL_NULL_CONVERSION = YES;
				CLANG_WARN_OBJC_IMPLICIT_RETAIN_SELF = YES;
				CLANG_WARN_OBJC_LITERAL_CONVERSION = YES;
				CLANG_WARN_OBJC_ROOT_CLASS = YES_ERROR;
				CLANG_WARN_RANGE_LOOP_ANALYSIS = YES;
				CLANG_WARN_STRICT_PROTOTYPES = YES;
				CLANG_WARN_SUSPICIOUS_MOVE = YES;
				CLANG_WARN_UNGUARDED_AVAILABILITY = YES_AGGRESSIVE;
				CLANG_WARN_UNREACHABLE_CODE = YES;
				CLANG_WARN__DUPLICATE_METHOD_MATCH = YES;
				CODE_SIGN_IDENTITY = "iPhone Developer";
				COPY_PHASE_STRIP = NO;
				DEBUG_INFORMATION_FORMAT = "dwarf-with-dsym";
				ENABLE_NS_ASSERTIONS = NO;
				ENABLE_STRICT_OBJC_MSGSEND = YES;
				GCC_C_LANGUAGE_STANDARD = gnu11;
				GCC_NO_COMMON_BLOCKS = YES;
				GCC_WARN_64_TO_32_BIT_CONVERSION = YES;
				GCC_WARN_ABOUT_RETURN_TYPE = YES_ERROR;
				GCC_WARN_UNDECLARED_SELECTOR = YES;
				GCC_WARN_UNINITIALIZED_AUTOS = YES_AGGRESSIVE;
				GCC_WARN_UNUSED_FUNCTION = YES;
				GCC_WARN_UNUSED_VARIABLE = YES;
				IPHONEOS_DEPLOYMENT_TARGET = 11.3;
				MTL_ENABLE_DEBUG_INFO = NO;
				SDKROOT = iphoneos;
				SWIFT_COMPILATION_MODE = wholemodule;
				SWIFT_OPTIMIZATION_LEVEL = "-O";
				VALIDATE_PRODUCT = YES;
			};
			name = Release;
		};
		91417DE32080F9D4002E7F97 /* Debug */ = {
			isa = XCBuildConfiguration;
			buildSettings = {
				ASSETCATALOG_COMPILER_APPICON_NAME = AppIcon;
				CODE_SIGN_STYLE = Automatic;
				DEVELOPMENT_TEAM = UYM8YWQ6RW;
				INFOPLIST_FILE = CoreDataDemo/Info.plist;
				LD_RUNPATH_SEARCH_PATHS = (
					"$(inherited)",
					"@executable_path/Frameworks",
				);
				PRODUCT_BUNDLE_IDENTIFIER = Jatin.CoreDataDemo;
				PRODUCT_NAME = "$(TARGET_NAME)";
				SWIFT_VERSION = 4.0;
				TARGETED_DEVICE_FAMILY = "1,2";
			};
			name = Debug;
		};
		91417DE42080F9D4002E7F97 /* Release */ = {
			isa = XCBuildConfiguration;
			buildSettings = {
				ASSETCATALOG_COMPILER_APPICON_NAME = AppIcon;
				CODE_SIGN_STYLE = Automatic;
				DEVELOPMENT_TEAM = UYM8YWQ6RW;
				INFOPLIST_FILE = CoreDataDemo/Info.plist;
				LD_RUNPATH_SEARCH_PATHS = (
					"$(inherited)",
					"@executable_path/Frameworks",
				);
				PRODUCT_BUNDLE_IDENTIFIER = Jatin.CoreDataDemo;
				PRODUCT_NAME = "$(TARGET_NAME)";
				SWIFT_VERSION = 4.0;
				TARGETED_DEVICE_FAMILY = "1,2";
			};
			name = Release;
		};
/* End XCBuildConfiguration section */

/* Begin XCConfigurationList section */
		91417DC82080F9D2002E7F97 /* Build configuration list for PBXProject "CoreDataDemo" */ = {
			isa = XCConfigurationList;
			buildConfigurations = (
				91417DE02080F9D4002E7F97 /* Debug */,
				91417DE12080F9D4002E7F97 /* Release */,
			);
			defaultConfigurationIsVisible = 0;
			defaultConfigurationName = Release;
		};
		91417DE22080F9D4002E7F97 /* Build configuration list for PBXNativeTarget "CoreDataDemo" */ = {
			isa = XCConfigurationList;
			buildConfigurations = (
				91417DE32080F9D4002E7F97 /* Debug */,
				91417DE42080F9D4002E7F97 /* Release */,
			);
			defaultConfigurationIsVisible = 0;
			defaultConfigurationName = Release;
		};
/* End XCConfigurationList section */

/* Begin XCVersionGroup section */
		91417DD72080F9D2002E7F97 /* CoreDataDemo.xcdatamodeld */ = {
			isa = XCVersionGroup;
			children = (
				91417DD82080F9D2002E7F97 /* CoreDataDemo.xcdatamodel */,
			);
			currentVersion = 91417DD82080F9D2002E7F97 /* CoreDataDemo.xcdatamodel */;
			path = CoreDataDemo.xcdatamodeld;
			sourceTree = "<group>";
			versionGroupType = wrapper.xcdatamodel;
		};
/* End XCVersionGroup section */
	};
	rootObject = 91417DC52080F9D2002E7F97 /* Project object */;
}
